// !$*UTF8*$!
{
	archiveVersion = 1;
	classes = {
	};
	objectVersion = 77;
	objects = {

/* Begin PBXBuildFile section */
		61A14DC32D457C5B00763EBC /* Web3 in Frameworks */ = {isa = PBXBuildFile; productRef = 61A14DC22D457C5B00763EBC /* Web3 */; };
		61A14DC52D457C5B00763EBC /* Web3ContractABI in Frameworks */ = {isa = PBXBuildFile; productRef = 61A14DC42D457C5B00763EBC /* Web3ContractABI */; };
		61A14DC72D457C5B00763EBC /* Web3PromiseKit in Frameworks */ = {isa = PBXBuildFile; productRef = 61A14DC62D457C5B00763EBC /* Web3PromiseKit */; };
		C85E000C2DE5F990009F1B84 /* SwiftDotEnv in Frameworks */ = {isa = PBXBuildFile; productRef = C85E000B2DE5F990009F1B84 /* SwiftDotEnv */; };
		C88C7FCC2DA5276E00308333 /* metamask-ios-sdk in Frameworks */ = {isa = PBXBuildFile; productRef = C88C7FCB2DA5276E00308333 /* metamask-ios-sdk */; };
/* End PBXBuildFile section */

/* Begin PBXContainerItemProxy section */
		616D3B1E2D352A3100D3C736 /* PBXContainerItemProxy */ = {
			isa = PBXContainerItemProxy;
			containerPortal = 616D3AFF2D352A2B00D3C736 /* Project object */;
			proxyType = 1;
			remoteGlobalIDString = 616D3B062D352A2B00D3C736;
			remoteInfo = gym;
		};
		616D3B282D352A3100D3C736 /* PBXContainerItemProxy */ = {
			isa = PBXContainerItemProxy;
			containerPortal = 616D3AFF2D352A2B00D3C736 /* Project object */;
			proxyType = 1;
			remoteGlobalIDString = 616D3B062D352A2B00D3C736;
			remoteInfo = gym;
		};
/* End PBXContainerItemProxy section */

/* Begin PBXFileReference section */
		616D3B072D352A2B00D3C736 /* gym.app */ = {isa = PBXFileReference; explicitFileType = wrapper.application; includeInIndex = 0; path = gym.app; sourceTree = BUILT_PRODUCTS_DIR; };
		616D3B1D2D352A3100D3C736 /* gymTests.xctest */ = {isa = PBXFileReference; explicitFileType = wrapper.cfbundle; includeInIndex = 0; path = gymTests.xctest; sourceTree = BUILT_PRODUCTS_DIR; };
		616D3B272D352A3100D3C736 /* gymUITests.xctest */ = {isa = PBXFileReference; explicitFileType = wrapper.cfbundle; includeInIndex = 0; path = gymUITests.xctest; sourceTree = BUILT_PRODUCTS_DIR; };
/* End PBXFileReference section */

/* Begin PBXFileSystemSynchronizedBuildFileExceptionSet section */
		616D3B2F2D352A3100D3C736 /* Exceptions for "gym" folder in "gym" target */ = {
			isa = PBXFileSystemSynchronizedBuildFileExceptionSet;
			membershipExceptions = (
				Info.plist,
			);
			target = 616D3B062D352A2B00D3C736 /* gym */;
		};
/* End PBXFileSystemSynchronizedBuildFileExceptionSet section */

/* Begin PBXFileSystemSynchronizedRootGroup section */
		616D3B092D352A2B00D3C736 /* gym */ = {
			isa = PBXFileSystemSynchronizedRootGroup;
			exceptions = (
				616D3B2F2D352A3100D3C736 /* Exceptions for "gym" folder in "gym" target */,
			);
			path = gym;
			sourceTree = "<group>";
		};
		616D3B202D352A3100D3C736 /* gymTests */ = {
			isa = PBXFileSystemSynchronizedRootGroup;
			path = gymTests;
			sourceTree = "<group>";
		};
		616D3B2A2D352A3100D3C736 /* gymUITests */ = {
			isa = PBXFileSystemSynchronizedRootGroup;
			path = gymUITests;
			sourceTree = "<group>";
		};
/* End PBXFileSystemSynchronizedRootGroup section */

/* Begin PBXFrameworksBuildPhase section */
		616D3B042D352A2B00D3C736 /* Frameworks */ = {
			isa = PBXFrameworksBuildPhase;
			buildActionMask = 2147483647;
			files = (
				61A14DC52D457C5B00763EBC /* Web3ContractABI in Frameworks */,
				61A14DC72D457C5B00763EBC /* Web3PromiseKit in Frameworks */,
				C88C7FCC2DA5276E00308333 /* metamask-ios-sdk in Frameworks */,
				C85E000C2DE5F990009F1B84 /* SwiftDotEnv in Frameworks */,
				61A14DC32D457C5B00763EBC /* Web3 in Frameworks */,
			);
			runOnlyForDeploymentPostprocessing = 0;
		};
		616D3B1A2D352A3100D3C736 /* Frameworks */ = {
			isa = PBXFrameworksBuildPhase;
			buildActionMask = 2147483647;
			files = (
			);
			runOnlyForDeploymentPostprocessing = 0;
		};
		616D3B242D352A3100D3C736 /* Frameworks */ = {
			isa = PBXFrameworksBuildPhase;
			buildActionMask = 2147483647;
			files = (
			);
			runOnlyForDeploymentPostprocessing = 0;
		};
/* End PBXFrameworksBuildPhase section */

/* Begin PBXGroup section */
		616D3AFE2D352A2B00D3C736 = {
			isa = PBXGroup;
			children = (
				616D3B092D352A2B00D3C736 /* gym */,
				616D3B202D352A3100D3C736 /* gymTests */,
				616D3B2A2D352A3100D3C736 /* gymUITests */,
				616D3B082D352A2B00D3C736 /* Products */,
			);
			sourceTree = "<group>";
		};
		616D3B082D352A2B00D3C736 /* Products */ = {
			isa = PBXGroup;
			children = (
				616D3B072D352A2B00D3C736 /* gym.app */,
				616D3B1D2D352A3100D3C736 /* gymTests.xctest */,
				616D3B272D352A3100D3C736 /* gymUITests.xctest */,
			);
			name = Products;
			sourceTree = "<group>";
		};
/* End PBXGroup section */

/* Begin PBXNativeTarget section */
		616D3B062D352A2B00D3C736 /* gym */ = {
			isa = PBXNativeTarget;
			buildConfigurationList = 616D3B302D352A3100D3C736 /* Build configuration list for PBXNativeTarget "gym" */;
			buildPhases = (
				616D3B032D352A2B00D3C736 /* Sources */,
				616D3B042D352A2B00D3C736 /* Frameworks */,
				616D3B052D352A2B00D3C736 /* Resources */,
			);
			buildRules = (
			);
			dependencies = (
			);
			fileSystemSynchronizedGroups = (
				616D3B092D352A2B00D3C736 /* gym */,
			);
			name = gym;
			packageProductDependencies = (
				61A14DC22D457C5B00763EBC /* Web3 */,
				61A14DC42D457C5B00763EBC /* Web3ContractABI */,
				61A14DC62D457C5B00763EBC /* Web3PromiseKit */,
				C88C7FCB2DA5276E00308333 /* metamask-ios-sdk */,
				C85E000B2DE5F990009F1B84 /* SwiftDotEnv */,
			);
			productName = gym;
			productReference = 616D3B072D352A2B00D3C736 /* gym.app */;
			productType = "com.apple.product-type.application";
		};
		616D3B1C2D352A3100D3C736 /* gymTests */ = {
			isa = PBXNativeTarget;
			buildConfigurationList = 616D3B352D352A3100D3C736 /* Build configuration list for PBXNativeTarget "gymTests" */;
			buildPhases = (
				616D3B192D352A3100D3C736 /* Sources */,
				616D3B1A2D352A3100D3C736 /* Frameworks */,
				616D3B1B2D352A3100D3C736 /* Resources */,
			);
			buildRules = (
			);
			dependencies = (
				616D3B1F2D352A3100D3C736 /* PBXTargetDependency */,
			);
			fileSystemSynchronizedGroups = (
				616D3B202D352A3100D3C736 /* gymTests */,
			);
			name = gymTests;
			packageProductDependencies = (
			);
			productName = gymTests;
			productReference = 616D3B1D2D352A3100D3C736 /* gymTests.xctest */;
			productType = "com.apple.product-type.bundle.unit-test";
		};
		616D3B262D352A3100D3C736 /* gymUITests */ = {
			isa = PBXNativeTarget;
			buildConfigurationList = 616D3B382D352A3100D3C736 /* Build configuration list for PBXNativeTarget "gymUITests" */;
			buildPhases = (
				616D3B232D352A3100D3C736 /* Sources */,
				616D3B242D352A3100D3C736 /* Frameworks */,
				616D3B252D352A3100D3C736 /* Resources */,
			);
			buildRules = (
			);
			dependencies = (
				616D3B292D352A3100D3C736 /* PBXTargetDependency */,
			);
			fileSystemSynchronizedGroups = (
				616D3B2A2D352A3100D3C736 /* gymUITests */,
			);
			name = gymUITests;
			packageProductDependencies = (
			);
			productName = gymUITests;
			productReference = 616D3B272D352A3100D3C736 /* gymUITests.xctest */;
			productType = "com.apple.product-type.bundle.ui-testing";
		};
/* End PBXNativeTarget section */

/* Begin PBXProject section */
		616D3AFF2D352A2B00D3C736 /* Project object */ = {
			isa = PBXProject;
			attributes = {
				BuildIndependentTargetsInParallel = 1;
				LastSwiftUpdateCheck = 1620;
				LastUpgradeCheck = 1620;
				TargetAttributes = {
					616D3B062D352A2B00D3C736 = {
						CreatedOnToolsVersion = 16.2;
					};
					616D3B1C2D352A3100D3C736 = {
						CreatedOnToolsVersion = 16.2;
						TestTargetID = 616D3B062D352A2B00D3C736;
					};
					616D3B262D352A3100D3C736 = {
						CreatedOnToolsVersion = 16.2;
						TestTargetID = 616D3B062D352A2B00D3C736;
					};
				};
			};
			buildConfigurationList = 616D3B022D352A2B00D3C736 /* Build configuration list for PBXProject "gym" */;
			developmentRegion = en;
			hasScannedForEncodings = 0;
			knownRegions = (
				en,
				Base,
			);
			mainGroup = 616D3AFE2D352A2B00D3C736;
			minimizedProjectReferenceProxies = 1;
			packageReferences = (
				61A14DC12D457C5B00763EBC /* XCRemoteSwiftPackageReference "Web3" */,
				C88C7FCA2DA5276E00308333 /* XCRemoteSwiftPackageReference "metamask-ios-sdk" */,
				C85E000A2DE5F990009F1B84 /* XCRemoteSwiftPackageReference "SwiftDotenv" */,
			);
			preferredProjectObjectVersion = 77;
			productRefGroup = 616D3B082D352A2B00D3C736 /* Products */;
			projectDirPath = "";
			projectRoot = "";
			targets = (
				616D3B062D352A2B00D3C736 /* gym */,
				616D3B1C2D352A3100D3C736 /* gymTests */,
				616D3B262D352A3100D3C736 /* gymUITests */,
			);
		};
/* End PBXProject section */

/* Begin PBXResourcesBuildPhase section */
		616D3B052D352A2B00D3C736 /* Resources */ = {
			isa = PBXResourcesBuildPhase;
			buildActionMask = 2147483647;
			files = (
			);
			runOnlyForDeploymentPostprocessing = 0;
		};
		616D3B1B2D352A3100D3C736 /* Resources */ = {
			isa = PBXResourcesBuildPhase;
			buildActionMask = 2147483647;
			files = (
			);
			runOnlyForDeploymentPostprocessing = 0;
		};
		616D3B252D352A3100D3C736 /* Resources */ = {
			isa = PBXResourcesBuildPhase;
			buildActionMask = 2147483647;
			files = (
			);
			runOnlyForDeploymentPostprocessing = 0;
		};
/* End PBXResourcesBuildPhase section */

/* Begin PBXSourcesBuildPhase section */
		616D3B032D352A2B00D3C736 /* Sources */ = {
			isa = PBXSourcesBuildPhase;
			buildActionMask = 2147483647;
			files = (
			);
			runOnlyForDeploymentPostprocessing = 0;
		};
		616D3B192D352A3100D3C736 /* Sources */ = {
			isa = PBXSourcesBuildPhase;
			buildActionMask = 2147483647;
			files = (
			);
			runOnlyForDeploymentPostprocessing = 0;
		};
		616D3B232D352A3100D3C736 /* Sources */ = {
			isa = PBXSourcesBuildPhase;
			buildActionMask = 2147483647;
			files = (
			);
			runOnlyForDeploymentPostprocessing = 0;
		};
/* End PBXSourcesBuildPhase section */

/* Begin PBXTargetDependency section */
		616D3B1F2D352A3100D3C736 /* PBXTargetDependency */ = {
			isa = PBXTargetDependency;
			target = 616D3B062D352A2B00D3C736 /* gym */;
			targetProxy = 616D3B1E2D352A3100D3C736 /* PBXContainerItemProxy */;
		};
		616D3B292D352A3100D3C736 /* PBXTargetDependency */ = {
			isa = PBXTargetDependency;
			target = 616D3B062D352A2B00D3C736 /* gym */;
			targetProxy = 616D3B282D352A3100D3C736 /* PBXContainerItemProxy */;
		};
/* End PBXTargetDependency section */

/* Begin XCBuildConfiguration section */
		616D3B312D352A3100D3C736 /* Debug */ = {
			isa = XCBuildConfiguration;
			buildSettings = {
				ASSETCATALOG_COMPILER_APPICON_NAME = AppIcon;
				ASSETCATALOG_COMPILER_GLOBAL_ACCENT_COLOR_NAME = AccentColor;
				CODE_SIGN_STYLE = Automatic;
				CURRENT_PROJECT_VERSION = 1;
				DEVELOPMENT_TEAM = 3MXX846358;
				GENERATE_INFOPLIST_FILE = YES;
				INFOPLIST_FILE = gym/Info.plist;
				INFOPLIST_KEY_LSApplicationCategoryType = "";
				INFOPLIST_KEY_NSCameraUsageDescription = "This app would like to use your camera to scan QR-codes";
				INFOPLIST_KEY_UIApplicationSupportsIndirectInputEvents = YES;
				INFOPLIST_KEY_UILaunchStoryboardName = LaunchScreen;
				INFOPLIST_KEY_UISupportedInterfaceOrientations_iPad = UIInterfaceOrientationPortrait;
				INFOPLIST_KEY_UISupportedInterfaceOrientations_iPhone = UIInterfaceOrientationPortrait;
				IPHONEOS_DEPLOYMENT_TARGET = 16.6;
				LD_RUNPATH_SEARCH_PATHS = (
					"$(inherited)",
					"@executable_path/Frameworks",
				);
				MARKETING_VERSION = 1.0;
				PRODUCT_BUNDLE_IDENTIFIER = oh.gym;
				PRODUCT_NAME = "$(TARGET_NAME)";
				SUPPORTED_PLATFORMS = "iphoneos iphonesimulator";
				SUPPORTS_MACCATALYST = NO;
				SUPPORTS_MAC_DESIGNED_FOR_IPHONE_IPAD = NO;
				SUPPORTS_XR_DESIGNED_FOR_IPHONE_IPAD = YES;
				SWIFT_EMIT_LOC_STRINGS = YES;
				SWIFT_VERSION = 5.0;
				TARGETED_DEVICE_FAMILY = 1;
			};
			name = Debug;
		};
		616D3B322D352A3100D3C736 /* Release */ = {
			isa = XCBuildConfiguration;
			buildSettings = {
				ASSETCATALOG_COMPILER_APPICON_NAME = AppIcon;
				ASSETCATALOG_COMPILER_GLOBAL_ACCENT_COLOR_NAME = AccentColor;
				CODE_SIGN_STYLE = Automatic;
				CURRENT_PROJECT_VERSION = 1;
				DEVELOPMENT_TEAM = 3MXX846358;
				GENERATE_INFOPLIST_FILE = YES;
				INFOPLIST_FILE = gym/Info.plist;
				INFOPLIST_KEY_LSApplicationCategoryType = "";
				INFOPLIST_KEY_NSCameraUsageDescription = "This app would like to use your camera to scan QR-codes";
				INFOPLIST_KEY_UIApplicationSupportsIndirectInputEvents = YES;
				INFOPLIST_KEY_UILaunchStoryboardName = LaunchScreen;
				INFOPLIST_KEY_UISupportedInterfaceOrientations_iPad = UIInterfaceOrientationPortrait;
				INFOPLIST_KEY_UISupportedInterfaceOrientations_iPhone = UIInterfaceOrientationPortrait;
				IPHONEOS_DEPLOYMENT_TARGET = 16.6;
				LD_RUNPATH_SEARCH_PATHS = (
					"$(inherited)",
					"@executable_path/Frameworks",
				);
				MARKETING_VERSION = 1.0;
				PRODUCT_BUNDLE_IDENTIFIER = oh.gym;
				PRODUCT_NAME = "$(TARGET_NAME)";
				SUPPORTED_PLATFORMS = "iphoneos iphonesimulator";
				SUPPORTS_MACCATALYST = NO;
				SUPPORTS_MAC_DESIGNED_FOR_IPHONE_IPAD = NO;
				SUPPORTS_XR_DESIGNED_FOR_IPHONE_IPAD = YES;
				SWIFT_EMIT_LOC_STRINGS = YES;
				SWIFT_VERSION = 5.0;
				TARGETED_DEVICE_FAMILY = 1;
			};
			name = Release;
		};
		616D3B332D352A3100D3C736 /* Debug */ = {
			isa = XCBuildConfiguration;
			buildSettings = {
				ALWAYS_SEARCH_USER_PATHS = NO;
				ASSETCATALOG_COMPILER_GENERATE_SWIFT_ASSET_SYMBOL_EXTENSIONS = YES;
				CLANG_ANALYZER_NONNULL = YES;
				CLANG_ANALYZER_NUMBER_OBJECT_CONVERSION = YES_AGGRESSIVE;
				CLANG_CXX_LANGUAGE_STANDARD = "gnu++20";
				CLANG_ENABLE_MODULES = YES;
				CLANG_ENABLE_OBJC_ARC = YES;
				CLANG_ENABLE_OBJC_WEAK = YES;
				CLANG_WARN_BLOCK_CAPTURE_AUTORELEASING = YES;
				CLANG_WARN_BOOL_CONVERSION = YES;
				CLANG_WARN_COMMA = YES;
				CLANG_WARN_CONSTANT_CONVERSION = YES;
				CLANG_WARN_DEPRECATED_OBJC_IMPLEMENTATIONS = YES;
				CLANG_WARN_DIRECT_OBJC_ISA_USAGE = YES_ERROR;
				CLANG_WARN_DOCUMENTATION_COMMENTS = YES;
				CLANG_WARN_EMPTY_BODY = YES;
				CLANG_WARN_ENUM_CONVERSION = YES;
				CLANG_WARN_INFINITE_RECURSION = YES;
				CLANG_WARN_INT_CONVERSION = YES;
				CLANG_WARN_NON_LITERAL_NULL_CONVERSION = YES;
				CLANG_WARN_OBJC_IMPLICIT_RETAIN_SELF = YES;
				CLANG_WARN_OBJC_LITERAL_CONVERSION = YES;
				CLANG_WARN_OBJC_ROOT_CLASS = YES_ERROR;
				CLANG_WARN_QUOTED_INCLUDE_IN_FRAMEWORK_HEADER = YES;
				CLANG_WARN_RANGE_LOOP_ANALYSIS = YES;
				CLANG_WARN_STRICT_PROTOTYPES = YES;
				CLANG_WARN_SUSPICIOUS_MOVE = YES;
				CLANG_WARN_UNGUARDED_AVAILABILITY = YES_AGGRESSIVE;
				CLANG_WARN_UNREACHABLE_CODE = YES;
				CLANG_WARN__DUPLICATE_METHOD_MATCH = YES;
				COPY_PHASE_STRIP = NO;
				DEBUG_INFORMATION_FORMAT = dwarf;
				ENABLE_STRICT_OBJC_MSGSEND = YES;
				ENABLE_TESTABILITY = YES;
				ENABLE_USER_SCRIPT_SANDBOXING = YES;
				GCC_C_LANGUAGE_STANDARD = gnu17;
				GCC_DYNAMIC_NO_PIC = NO;
				GCC_NO_COMMON_BLOCKS = YES;
				GCC_OPTIMIZATION_LEVEL = 0;
				GCC_PREPROCESSOR_DEFINITIONS = (
					"DEBUG=1",
					"$(inherited)",
				);
				GCC_WARN_64_TO_32_BIT_CONVERSION = YES;
				GCC_WARN_ABOUT_RETURN_TYPE = YES_ERROR;
				GCC_WARN_UNDECLARED_SELECTOR = YES;
				GCC_WARN_UNINITIALIZED_AUTOS = YES_AGGRESSIVE;
				GCC_WARN_UNUSED_FUNCTION = YES;
				GCC_WARN_UNUSED_VARIABLE = YES;
				IPHONEOS_DEPLOYMENT_TARGET = 16.6;
				LOCALIZATION_PREFERS_STRING_CATALOGS = YES;
				MTL_ENABLE_DEBUG_INFO = INCLUDE_SOURCE;
				MTL_FAST_MATH = YES;
				ONLY_ACTIVE_ARCH = YES;
				SDKROOT = iphoneos;
				SWIFT_ACTIVE_COMPILATION_CONDITIONS = "DEBUG $(inherited)";
				SWIFT_OPTIMIZATION_LEVEL = "-Onone";
			};
			name = Debug;
		};
		616D3B342D352A3100D3C736 /* Release */ = {
			isa = XCBuildConfiguration;
			buildSettings = {
				ALWAYS_SEARCH_USER_PATHS = NO;
				ASSETCATALOG_COMPILER_GENERATE_SWIFT_ASSET_SYMBOL_EXTENSIONS = YES;
				CLANG_ANALYZER_NONNULL = YES;
				CLANG_ANALYZER_NUMBER_OBJECT_CONVERSION = YES_AGGRESSIVE;
				CLANG_CXX_LANGUAGE_STANDARD = "gnu++20";
				CLANG_ENABLE_MODULES = YES;
				CLANG_ENABLE_OBJC_ARC = YES;
				CLANG_ENABLE_OBJC_WEAK = YES;
				CLANG_WARN_BLOCK_CAPTURE_AUTORELEASING = YES;
				CLANG_WARN_BOOL_CONVERSION = YES;
				CLANG_WARN_COMMA = YES;
				CLANG_WARN_CONSTANT_CONVERSION = YES;
				CLANG_WARN_DEPRECATED_OBJC_IMPLEMENTATIONS = YES;
				CLANG_WARN_DIRECT_OBJC_ISA_USAGE = YES_ERROR;
				CLANG_WARN_DOCUMENTATION_COMMENTS = YES;
				CLANG_WARN_EMPTY_BODY = YES;
				CLANG_WARN_ENUM_CONVERSION = YES;
				CLANG_WARN_INFINITE_RECURSION = YES;
				CLANG_WARN_INT_CONVERSION = YES;
				CLANG_WARN_NON_LITERAL_NULL_CONVERSION = YES;
				CLANG_WARN_OBJC_IMPLICIT_RETAIN_SELF = YES;
				CLANG_WARN_OBJC_LITERAL_CONVERSION = YES;
				CLANG_WARN_OBJC_ROOT_CLASS = YES_ERROR;
				CLANG_WARN_QUOTED_INCLUDE_IN_FRAMEWORK_HEADER = YES;
				CLANG_WARN_RANGE_LOOP_ANALYSIS = YES;
				CLANG_WARN_STRICT_PROTOTYPES = YES;
				CLANG_WARN_SUSPICIOUS_MOVE = YES;
				CLANG_WARN_UNGUARDED_AVAILABILITY = YES_AGGRESSIVE;
				CLANG_WARN_UNREACHABLE_CODE = YES;
				CLANG_WARN__DUPLICATE_METHOD_MATCH = YES;
				COPY_PHASE_STRIP = NO;
				DEBUG_INFORMATION_FORMAT = "dwarf-with-dsym";
				ENABLE_NS_ASSERTIONS = NO;
				ENABLE_STRICT_OBJC_MSGSEND = YES;
				ENABLE_USER_SCRIPT_SANDBOXING = YES;
				GCC_C_LANGUAGE_STANDARD = gnu17;
				GCC_NO_COMMON_BLOCKS = YES;
				GCC_WARN_64_TO_32_BIT_CONVERSION = YES;
				GCC_WARN_ABOUT_RETURN_TYPE = YES_ERROR;
				GCC_WARN_UNDECLARED_SELECTOR = YES;
				GCC_WARN_UNINITIALIZED_AUTOS = YES_AGGRESSIVE;
				GCC_WARN_UNUSED_FUNCTION = YES;
				GCC_WARN_UNUSED_VARIABLE = YES;
				IPHONEOS_DEPLOYMENT_TARGET = 16.6;
				LOCALIZATION_PREFERS_STRING_CATALOGS = YES;
				MTL_ENABLE_DEBUG_INFO = NO;
				MTL_FAST_MATH = YES;
				SDKROOT = iphoneos;
				SWIFT_COMPILATION_MODE = wholemodule;
				VALIDATE_PRODUCT = YES;
			};
			name = Release;
		};
		616D3B362D352A3100D3C736 /* Debug */ = {
			isa = XCBuildConfiguration;
			buildSettings = {
				BUNDLE_LOADER = "$(TEST_HOST)";
				CODE_SIGN_STYLE = Automatic;
				CURRENT_PROJECT_VERSION = 1;
				GENERATE_INFOPLIST_FILE = YES;
				IPHONEOS_DEPLOYMENT_TARGET = 18.2;
				MARKETING_VERSION = 1.0;
				PRODUCT_BUNDLE_IDENTIFIER = oh.gymTests;
				PRODUCT_NAME = "$(TARGET_NAME)";
				SWIFT_EMIT_LOC_STRINGS = NO;
				SWIFT_VERSION = 5.0;
				TARGETED_DEVICE_FAMILY = "1,2";
				TEST_HOST = "$(BUILT_PRODUCTS_DIR)/gym.app/$(BUNDLE_EXECUTABLE_FOLDER_PATH)/gym";
			};
			name = Debug;
		};
		616D3B372D352A3100D3C736 /* Release */ = {
			isa = XCBuildConfiguration;
			buildSettings = {
				BUNDLE_LOADER = "$(TEST_HOST)";
				CODE_SIGN_STYLE = Automatic;
				CURRENT_PROJECT_VERSION = 1;
				GENERATE_INFOPLIST_FILE = YES;
				IPHONEOS_DEPLOYMENT_TARGET = 18.2;
				MARKETING_VERSION = 1.0;
				PRODUCT_BUNDLE_IDENTIFIER = oh.gymTests;
				PRODUCT_NAME = "$(TARGET_NAME)";
				SWIFT_EMIT_LOC_STRINGS = NO;
				SWIFT_VERSION = 5.0;
				TARGETED_DEVICE_FAMILY = "1,2";
				TEST_HOST = "$(BUILT_PRODUCTS_DIR)/gym.app/$(BUNDLE_EXECUTABLE_FOLDER_PATH)/gym";
			};
			name = Release;
		};
		616D3B392D352A3100D3C736 /* Debug */ = {
			isa = XCBuildConfiguration;
			buildSettings = {
				CODE_SIGN_STYLE = Automatic;
				CURRENT_PROJECT_VERSION = 1;
				GENERATE_INFOPLIST_FILE = YES;
				MARKETING_VERSION = 1.0;
				PRODUCT_BUNDLE_IDENTIFIER = oh.gymUITests;
				PRODUCT_NAME = "$(TARGET_NAME)";
				SWIFT_EMIT_LOC_STRINGS = NO;
				SWIFT_VERSION = 5.0;
				TARGETED_DEVICE_FAMILY = "1,2";
				TEST_TARGET_NAME = gym;
			};
			name = Debug;
		};
		616D3B3A2D352A3100D3C736 /* Release */ = {
			isa = XCBuildConfiguration;
			buildSettings = {
				CODE_SIGN_STYLE = Automatic;
				CURRENT_PROJECT_VERSION = 1;
				GENERATE_INFOPLIST_FILE = YES;
				MARKETING_VERSION = 1.0;
				PRODUCT_BUNDLE_IDENTIFIER = oh.gymUITests;
				PRODUCT_NAME = "$(TARGET_NAME)";
				SWIFT_EMIT_LOC_STRINGS = NO;
				SWIFT_VERSION = 5.0;
				TARGETED_DEVICE_FAMILY = "1,2";
				TEST_TARGET_NAME = gym;
			};
			name = Release;
		};
/* End XCBuildConfiguration section */

/* Begin XCConfigurationList section */
		616D3B022D352A2B00D3C736 /* Build configuration list for PBXProject "gym" */ = {
			isa = XCConfigurationList;
			buildConfigurations = (
				616D3B332D352A3100D3C736 /* Debug */,
				616D3B342D352A3100D3C736 /* Release */,
			);
			defaultConfigurationIsVisible = 0;
			defaultConfigurationName = Release;
		};
		616D3B302D352A3100D3C736 /* Build configuration list for PBXNativeTarget "gym" */ = {
			isa = XCConfigurationList;
			buildConfigurations = (
				616D3B312D352A3100D3C736 /* Debug */,
				616D3B322D352A3100D3C736 /* Release */,
			);
			defaultConfigurationIsVisible = 0;
			defaultConfigurationName = Release;
		};
		616D3B352D352A3100D3C736 /* Build configuration list for PBXNativeTarget "gymTests" */ = {
			isa = XCConfigurationList;
			buildConfigurations = (
				616D3B362D352A3100D3C736 /* Debug */,
				616D3B372D352A3100D3C736 /* Release */,
			);
			defaultConfigurationIsVisible = 0;
			defaultConfigurationName = Release;
		};
		616D3B382D352A3100D3C736 /* Build configuration list for PBXNativeTarget "gymUITests" */ = {
			isa = XCConfigurationList;
			buildConfigurations = (
				616D3B392D352A3100D3C736 /* Debug */,
				616D3B3A2D352A3100D3C736 /* Release */,
			);
			defaultConfigurationIsVisible = 0;
			defaultConfigurationName = Release;
		};
/* End XCConfigurationList section */

/* Begin XCRemoteSwiftPackageReference section */
		61A14DC12D457C5B00763EBC /* XCRemoteSwiftPackageReference "Web3" */ = {
			isa = XCRemoteSwiftPackageReference;
			repositoryURL = "https://github.com/Boilertalk/Web3.swift";
			requirement = {
				kind = upToNextMajorVersion;
				minimumVersion = 0.8.8;
			};
		};
		C85E000A2DE5F990009F1B84 /* XCRemoteSwiftPackageReference "SwiftDotenv" */ = {
			isa = XCRemoteSwiftPackageReference;
			repositoryURL = "https://github.com/SwiftOnTheServer/SwiftDotenv.git";
			requirement = {
				kind = upToNextMajorVersion;
				minimumVersion = 2.0.1;
			};
		};
		C88C7FCA2DA5276E00308333 /* XCRemoteSwiftPackageReference "metamask-ios-sdk" */ = {
			isa = XCRemoteSwiftPackageReference;
			repositoryURL = "https://github.com/MetaMask/metamask-ios-sdk";
			requirement = {
				kind = upToNextMajorVersion;
				minimumVersion = 0.2.0;
			};
		};
/* End XCRemoteSwiftPackageReference section */

/* Begin XCSwiftPackageProductDependency section */
		61A14DC22D457C5B00763EBC /* Web3 */ = {
			isa = XCSwiftPackageProductDependency;
			package = 61A14DC12D457C5B00763EBC /* XCRemoteSwiftPackageReference "Web3" */;
			productName = Web3;
		};
		61A14DC42D457C5B00763EBC /* Web3ContractABI */ = {
			isa = XCSwiftPackageProductDependency;
			package = 61A14DC12D457C5B00763EBC /* XCRemoteSwiftPackageReference "Web3" */;
			productName = Web3ContractABI;
		};
		61A14DC62D457C5B00763EBC /* Web3PromiseKit */ = {
			isa = XCSwiftPackageProductDependency;
			package = 61A14DC12D457C5B00763EBC /* XCRemoteSwiftPackageReference "Web3" */;
			productName = Web3PromiseKit;
		};
		C85E000B2DE5F990009F1B84 /* SwiftDotEnv */ = {
			isa = XCSwiftPackageProductDependency;
			package = C85E000A2DE5F990009F1B84 /* XCRemoteSwiftPackageReference "SwiftDotenv" */;
			productName = SwiftDotEnv;
		};
		C88C7FCB2DA5276E00308333 /* metamask-ios-sdk */ = {
			isa = XCSwiftPackageProductDependency;
			package = C88C7FCA2DA5276E00308333 /* XCRemoteSwiftPackageReference "metamask-ios-sdk" */;
			productName = "metamask-ios-sdk";
		};
/* End XCSwiftPackageProductDependency section */
	};
	rootObject = 616D3AFF2D352A2B00D3C736 /* Project object */;
}
